
Microsoft Visual Studio Solution File, Format Version 11.00
# Visual Studio 2010
Project("{FAE04EC0-301F-11D3-BF4B-00C04F79EFBC}") = "Assembly-CSharp", "Assembly-CSharp.csproj", "{14E02131-BA9E-FAFC-17E4-B98F6BED159C}"
EndProject
Project("{FAE04EC0-301F-11D3-BF4B-00C04F79EFBC}") = "Assembly-CSharp-Editor-firstpass", "Assembly-CSharp-Editor-firstpass.csproj", "{C6F5D11C-99F5-B0F0-0157-4AAF59452262}"
EndProject
Global
	GlobalSection(SolutionConfigurationPlatforms) = preSolution
		Debug|Any CPU = Debug|Any CPU
		Release|Any CPU = Release|Any CPU
	EndGlobalSection
	GlobalSection(ProjectConfigurationPlatforms) = postSolution
		{14E02131-BA9E-FAFC-17E4-B98F6BED159C}.Debug|Any CPU.ActiveCfg = Debug|Any CPU
		{14E02131-BA9E-FAFC-17E4-B98F6BED159C}.Debug|Any CPU.Build.0 = Debug|Any CPU
		{14E02131-BA9E-FAFC-17E4-B98F6BED159C}.Release|Any CPU.ActiveCfg = Release|Any CPU
		{14E02131-BA9E-FAFC-17E4-B98F6BED159C}.Release|Any CPU.Build.0 = Release|Any CPU
		{C6F5D11C-99F5-B0F0-0157-4AAF59452262}.Debug|Any CPU.ActiveCfg = Debug|Any CPU
		{C6F5D11C-99F5-B0F0-0157-4AAF59452262}.Debug|Any CPU.Build.0 = Debug|Any CPU
		{C6F5D11C-99F5-B0F0-0157-4AAF59452262}.Release|Any CPU.ActiveCfg = Release|Any CPU
		{C6F5D11C-99F5-B0F0-0157-4AAF59452262}.Release|Any CPU.Build.0 = Release|Any CPU
	EndGlobalSection
	GlobalSection(SolutionProperties) = preSolution
		HideSolutionNode = FALSE
	EndGlobalSection
EndGlobal
